
Microsoft Visual Studio Solution File, Format Version 12.00
# Visual Studio Version 17
VisualStudioVersion = 17.0.31903.59
MinimumVisualStudioVersion = 10.0.40219.1
Project("{FAE04EC0-301F-11D3-BF4B-00C04F79EFBC}") = "Portfolio.Blazor", "Portfolio.Blazor\Portfolio.Blazor.csproj", "{BCD94DF7-7553-4466-BBDB-7EA500CA3794}"
EndProject
Global
	GlobalSection(SolutionConfigurationPlatforms) = preSolution
		Debug|Any CPU = Debug|Any CPU
		Release|Any CPU = Release|Any CPU
	EndGlobalSection
	GlobalSection(SolutionProperties) = preSolution
		HideSolutionNode = FALSE
	EndGlobalSection
	GlobalSection(ProjectConfigurationPlatforms) = postSolution
		{BCD94DF7-7553-4466-BBDB-7EA500CA3794}.Debug|Any CPU.ActiveCfg = Debug|Any CPU
		{BCD94DF7-7553-4466-BBDB-7EA500CA3794}.Debug|Any CPU.Build.0 = Debug|Any CPU
		{BCD94DF7-7553-4466-BBDB-7EA500CA3794}.Release|Any CPU.ActiveCfg = Release|Any CPU
		{BCD94DF7-7553-4466-BBDB-7EA500CA3794}.Release|Any CPU.Build.0 = Release|Any CPU
	EndGlobalSection
EndGlobal
